
Microsoft Visual Studio Solution File, Format Version 12.00
# Visual Studio Version 17
VisualStudioVersion = 17.11.35327.3
MinimumVisualStudioVersion = 10.0.40219.1
Project("{9A19103F-16F7-4668-BE54-9A1E7A4F7556}") = "BILCAM", "BILCAM.csproj", "{2DA62517-D494-4FFD-A970-E46117B8522B}"
EndProject
Global
	GlobalSection(SolutionConfigurationPlatforms) = preSolution
		Debug|Any CPU = Debug|Any CPU
		Release|Any CPU = Release|Any CPU
	EndGlobalSection
	GlobalSection(ProjectConfigurationPlatforms) = postSolution
		{2DA62517-D494-4FFD-A970-E46117B8522B}.Debug|Any CPU.ActiveCfg = Debug|Any CPU
		{2DA62517-D494-4FFD-A970-E46117B8522B}.Debug|Any CPU.Build.0 = Debug|Any CPU
		{2DA62517-D494-4FFD-A970-E46117B8522B}.Release|Any CPU.ActiveCfg = Release|Any CPU
		{2DA62517-D494-4FFD-A970-E46117B8522B}.Release|Any CPU.Build.0 = Release|Any CPU
	EndGlobalSection
	GlobalSection(SolutionProperties) = preSolution
		HideSolutionNode = FALSE
	EndGlobalSection
	GlobalSection(ExtensibilityGlobals) = postSolution
		SolutionGuid = {6EE6B2AC-5450-4FE1-A5A0-54AAAAFE2118}
	EndGlobalSection
EndGlobal
